{
  "requires": true,
  "lockfileVersion": 1,
  "dependencies": {
    "gopherjs-libra": {
      "version": "0.1.5",
      "resolved": "https://registry.npmjs.org/gopherjs-libra/-/gopherjs-libra-0.1.5.tgz",
      "integrity": "sha512-ztfQ1Ft3HT5YtdIFSkXe8fB9e+/cD6+cnOu5TWyMXrdUyuNS2aSCG4NziqKQ/o2IzRy0hMRaUm8gxqYVBIg7dw=="
    },
    "tweetnacl": {
      "version": "1.0.1",
      "resolved": "https://registry.npmjs.org/tweetnacl/-/tweetnacl-1.0.1.tgz",
      "integrity": "sha512-kcoMoKTPYnoeS50tzoqjPY3Uv9axeuuFAZY9M/9zFnhoVvRfxz9K29IMPD7jGmt2c8SW7i3gT9WqDl2+nV7p4A=="
    }
  }
}
