{
  "requires": true,
  "lockfileVersion": 1,
  "dependencies": {
    "gopherjs-libra": {
      "version": "0.1.12",
      "resolved": "https://registry.npmjs.org/gopherjs-libra/-/gopherjs-libra-0.1.12.tgz",
      "integrity": "sha512-iOLVIDLPivA5N0r7mpxjrdsaf79CIhNYn/1tHqRiX6S9DV7klRAjCGwvTk2SSbnnVwBKPCBK3qeyFdzQnDKafQ=="
    },
    "tweetnacl": {
      "version": "1.0.2",
      "resolved": "https://registry.npmjs.org/tweetnacl/-/tweetnacl-1.0.2.tgz",
      "integrity": "sha512-+8aPRjmXgf1VqvyxSlBUzKzeYqVS9Ai8vZ28g+mL7dNQl1jlUTCMDZnvNQdAS1xTywMkIXwJsfipsR/6s2+syw=="
    }
  }
}
